
Microsoft Visual Studio Solution File, Format Version 12.00
# Visual Studio Version 17
VisualStudioVersion = 17.14.36804.6
MinimumVisualStudioVersion = 10.0.40219.1
Project("{8BC9CEB8-8B4A-11D0-8D11-00A0C91BC942}") = "Program", "Program.vcxproj", "{6FCA7A9B-71F4-4079-9490-B9BA483BEAD0}"
EndProject
Project("{8BC9CEB8-8B4A-11D0-8D11-00A0C91BC942}") = "Class1th Compile", "..\Class1th Compile\Class1th Compile.vcxproj", "{7A00660E-9ABC-4BB8-AA30-A23A24B30A2C}"
EndProject
Project("{8BC9CEB8-8B4A-11D0-8D11-00A0C91BC942}") = "Class2th Variable & Constant", "..\Class2th Variable & Constant\Class2th Variable & Constant.vcxproj", "{3BC358F6-0367-4D34-916D-3AD63385D9A0}"
EndProject
Project("{8BC9CEB8-8B4A-11D0-8D11-00A0C91BC942}") = "class3th Bit", "..\class3th bit\class3th bit.vcxproj", "{1F1CAF6D-A5F8-4D0C-9F53-A6FD2BA5BDFD}"
EndProject
Project("{8BC9CEB8-8B4A-11D0-8D11-00A0C91BC942}") = "Class4th Overflow & Underflow", "..\Class4th Overflow & Underflow\Class4th Overflow & Underflow.vcxproj", "{A283F6D7-B516-4E56-AD55-E93F70CB8272}"
EndProject
Project("{8BC9CEB8-8B4A-11D0-8D11-00A0C91BC942}") = "Class5th (Conditional Statement)", "..\Class5th (Conditional Statement)\Class5th (Conditional Statement).vcxproj", "{6DA53B70-4530-4D6E-AFB4-101B825139E5}"
EndProject
Project("{8BC9CEB8-8B4A-11D0-8D11-00A0C91BC942}") = "Class6th Iteration Statement", "..\Class6th Iteration Statement\Class6th Iteration Statement.vcxproj", "{A37B8984-6E94-4B69-88C9-39B955229F28}"
EndProject
Project("{8BC9CEB8-8B4A-11D0-8D11-00A0C91BC942}") = "Class7th Preprocessor", "..\Class7th Preprocessor\Class7th Preprocessor.vcxproj", "{77585A5E-256D-4211-B036-FDF1D9CD98AC}"
EndProject
Project("{8BC9CEB8-8B4A-11D0-8D11-00A0C91BC942}") = "Class9th Array", "..\Class9th Array\Class9th Array.vcxproj", "{E6F24210-D0D9-440C-9548-DCAEF2CD2EC8}"
EndProject
Global
	GlobalSection(SolutionConfigurationPlatforms) = preSolution
		Debug|x64 = Debug|x64
		Debug|x86 = Debug|x86
		Release|x64 = Release|x64
		Release|x86 = Release|x86
	EndGlobalSection
	GlobalSection(ProjectConfigurationPlatforms) = postSolution
		{6FCA7A9B-71F4-4079-9490-B9BA483BEAD0}.Debug|x64.ActiveCfg = Debug|x64
		{6FCA7A9B-71F4-4079-9490-B9BA483BEAD0}.Debug|x64.Build.0 = Debug|x64
		{6FCA7A9B-71F4-4079-9490-B9BA483BEAD0}.Debug|x86.ActiveCfg = Debug|Win32
		{6FCA7A9B-71F4-4079-9490-B9BA483BEAD0}.Debug|x86.Build.0 = Debug|Win32
		{6FCA7A9B-71F4-4079-9490-B9BA483BEAD0}.Release|x64.ActiveCfg = Release|x64
		{6FCA7A9B-71F4-4079-9490-B9BA483BEAD0}.Release|x64.Build.0 = Release|x64
		{6FCA7A9B-71F4-4079-9490-B9BA483BEAD0}.Release|x86.ActiveCfg = Release|Win32
		{6FCA7A9B-71F4-4079-9490-B9BA483BEAD0}.Release|x86.Build.0 = Release|Win32
		{7A00660E-9ABC-4BB8-AA30-A23A24B30A2C}.Debug|x64.ActiveCfg = Debug|x64
		{7A00660E-9ABC-4BB8-AA30-A23A24B30A2C}.Debug|x64.Build.0 = Debug|x64
		{7A00660E-9ABC-4BB8-AA30-A23A24B30A2C}.Debug|x86.ActiveCfg = Debug|Win32
		{7A00660E-9ABC-4BB8-AA30-A23A24B30A2C}.Debug|x86.Build.0 = Debug|Win32
		{7A00660E-9ABC-4BB8-AA30-A23A24B30A2C}.Release|x64.ActiveCfg = Release|x64
		{7A00660E-9ABC-4BB8-AA30-A23A24B30A2C}.Release|x64.Build.0 = Release|x64
		{7A00660E-9ABC-4BB8-AA30-A23A24B30A2C}.Release|x86.ActiveCfg = Release|Win32
		{7A00660E-9ABC-4BB8-AA30-A23A24B30A2C}.Release|x86.Build.0 = Release|Win32
		{3BC358F6-0367-4D34-916D-3AD63385D9A0}.Debug|x64.ActiveCfg = Debug|x64
		{3BC358F6-0367-4D34-916D-3AD63385D9A0}.Debug|x64.Build.0 = Debug|x64
		{3BC358F6-0367-4D34-916D-3AD63385D9A0}.Debug|x86.ActiveCfg = Debug|Win32
		{3BC358F6-0367-4D34-916D-3AD63385D9A0}.Debug|x86.Build.0 = Debug|Win32
		{3BC358F6-0367-4D34-916D-3AD63385D9A0}.Release|x64.ActiveCfg = Release|x64
		{3BC358F6-0367-4D34-916D-3AD63385D9A0}.Release|x64.Build.0 = Release|x64
		{3BC358F6-0367-4D34-916D-3AD63385D9A0}.Release|x86.ActiveCfg = Release|Win32
		{3BC358F6-0367-4D34-916D-3AD63385D9A0}.Release|x86.Build.0 = Release|Win32
		{1F1CAF6D-A5F8-4D0C-9F53-A6FD2BA5BDFD}.Debug|x64.ActiveCfg = Debug|x64
		{1F1CAF6D-A5F8-4D0C-9F53-A6FD2BA5BDFD}.Debug|x64.Build.0 = Debug|x64
		{1F1CAF6D-A5F8-4D0C-9F53-A6FD2BA5BDFD}.Debug|x86.ActiveCfg = Debug|Win32
		{1F1CAF6D-A5F8-4D0C-9F53-A6FD2BA5BDFD}.Debug|x86.Build.0 = Debug|Win32
		{1F1CAF6D-A5F8-4D0C-9F53-A6FD2BA5BDFD}.Release|x64.ActiveCfg = Release|x64
		{1F1CAF6D-A5F8-4D0C-9F53-A6FD2BA5BDFD}.Release|x64.Build.0 = Release|x64
		{1F1CAF6D-A5F8-4D0C-9F53-A6FD2BA5BDFD}.Release|x86.ActiveCfg = Release|Win32
		{1F1CAF6D-A5F8-4D0C-9F53-A6FD2BA5BDFD}.Release|x86.Build.0 = Release|Win32
		{A283F6D7-B516-4E56-AD55-E93F70CB8272}.Debug|x64.ActiveCfg = Debug|x64
		{A283F6D7-B516-4E56-AD55-E93F70CB8272}.Debug|x64.Build.0 = Debug|x64
		{A283F6D7-B516-4E56-AD55-E93F70CB8272}.Debug|x86.ActiveCfg = Debug|Win32
		{A283F6D7-B516-4E56-AD55-E93F70CB8272}.Debug|x86.Build.0 = Debug|Win32
		{A283F6D7-B516-4E56-AD55-E93F70CB8272}.Release|x64.ActiveCfg = Release|x64
		{A283F6D7-B516-4E56-AD55-E93F70CB8272}.Release|x64.Build.0 = Release|x64
		{A283F6D7-B516-4E56-AD55-E93F70CB8272}.Release|x86.ActiveCfg = Release|Win32
		{A283F6D7-B516-4E56-AD55-E93F70CB8272}.Release|x86.Build.0 = Release|Win32
		{6DA53B70-4530-4D6E-AFB4-101B825139E5}.Debug|x64.ActiveCfg = Debug|x64
		{6DA53B70-4530-4D6E-AFB4-101B825139E5}.Debug|x64.Build.0 = Debug|x64
		{6DA53B70-4530-4D6E-AFB4-101B825139E5}.Debug|x86.ActiveCfg = Debug|Win32
		{6DA53B70-4530-4D6E-AFB4-101B825139E5}.Debug|x86.Build.0 = Debug|Win32
		{6DA53B70-4530-4D6E-AFB4-101B825139E5}.Release|x64.ActiveCfg = Release|x64
		{6DA53B70-4530-4D6E-AFB4-101B825139E5}.Release|x64.Build.0 = Release|x64
		{6DA53B70-4530-4D6E-AFB4-101B825139E5}.Release|x86.ActiveCfg = Release|Win32
		{6DA53B70-4530-4D6E-AFB4-101B825139E5}.Release|x86.Build.0 = Release|Win32
		{A37B8984-6E94-4B69-88C9-39B955229F28}.Debug|x64.ActiveCfg = Debug|x64
		{A37B8984-6E94-4B69-88C9-39B955229F28}.Debug|x64.Build.0 = Debug|x64
		{A37B8984-6E94-4B69-88C9-39B955229F28}.Debug|x86.ActiveCfg = Debug|Win32
		{A37B8984-6E94-4B69-88C9-39B955229F28}.Debug|x86.Build.0 = Debug|Win32
		{A37B8984-6E94-4B69-88C9-39B955229F28}.Release|x64.ActiveCfg = Release|x64
		{A37B8984-6E94-4B69-88C9-39B955229F28}.Release|x64.Build.0 = Release|x64
		{A37B8984-6E94-4B69-88C9-39B955229F28}.Release|x86.ActiveCfg = Release|Win32
		{A37B8984-6E94-4B69-88C9-39B955229F28}.Release|x86.Build.0 = Release|Win32
		{77585A5E-256D-4211-B036-FDF1D9CD98AC}.Debug|x64.ActiveCfg = Debug|x64
		{77585A5E-256D-4211-B036-FDF1D9CD98AC}.Debug|x64.Build.0 = Debug|x64
		{77585A5E-256D-4211-B036-FDF1D9CD98AC}.Debug|x86.ActiveCfg = Debug|Win32
		{77585A5E-256D-4211-B036-FDF1D9CD98AC}.Debug|x86.Build.0 = Debug|Win32
		{77585A5E-256D-4211-B036-FDF1D9CD98AC}.Release|x64.ActiveCfg = Release|x64
		{77585A5E-256D-4211-B036-FDF1D9CD98AC}.Release|x64.Build.0 = Release|x64
		{77585A5E-256D-4211-B036-FDF1D9CD98AC}.Release|x86.ActiveCfg = Release|Win32
		{77585A5E-256D-4211-B036-FDF1D9CD98AC}.Release|x86.Build.0 = Release|Win32
		{E6F24210-D0D9-440C-9548-DCAEF2CD2EC8}.Debug|x64.ActiveCfg = Debug|x64
		{E6F24210-D0D9-440C-9548-DCAEF2CD2EC8}.Debug|x64.Build.0 = Debug|x64
		{E6F24210-D0D9-440C-9548-DCAEF2CD2EC8}.Debug|x86.ActiveCfg = Debug|Win32
		{E6F24210-D0D9-440C-9548-DCAEF2CD2EC8}.Debug|x86.Build.0 = Debug|Win32
		{E6F24210-D0D9-440C-9548-DCAEF2CD2EC8}.Release|x64.ActiveCfg = Release|x64
		{E6F24210-D0D9-440C-9548-DCAEF2CD2EC8}.Release|x64.Build.0 = Release|x64
		{E6F24210-D0D9-440C-9548-DCAEF2CD2EC8}.Release|x86.ActiveCfg = Release|Win32
		{E6F24210-D0D9-440C-9548-DCAEF2CD2EC8}.Release|x86.Build.0 = Release|Win32
	EndGlobalSection
	GlobalSection(SolutionProperties) = preSolution
		HideSolutionNode = FALSE
	EndGlobalSection
	GlobalSection(ExtensibilityGlobals) = postSolution
		SolutionGuid = {888A8635-32FE-4BEF-AFA7-19ADCF02C50D}
	EndGlobalSection
EndGlobal
